[[package]]
name = "networkx"
version = "2.8.8"
requires_python = ">=3.8"
summary = "Python package for creating and manipulating graphs and networks"

[metadata]
lock_version = "4.1"
content_hash = "sha256:a0122485f92d78e607a5e1e1bb6c2afdf0b7f672609a9a7c769c402e2c6868f0"

[metadata.files]
"networkx 2.8.8" = [
    {url = "https://files.pythonhosted.org/packages/42/31/d2f89f1ae42718f8c8a9e440ebe38d7d5fe1e0d9eb9178ce779e365b3ab0/networkx-2.8.8-py3-none-any.whl", hash = "sha256:e435dfa75b1d7195c7b8378c3859f0445cd88c6b0375c181ed66823a9ceb7524"},
    {url = "https://files.pythonhosted.org/packages/cd/16/c44e8550012735b8f21b3df7f39e8ba5a987fb764ac017ad5f3589735889/networkx-2.8.8.tar.gz", hash = "sha256:230d388117af870fce5647a3c52401fcf753e94720e6ea6b4197a5355648885e"},
]
